// !$*UTF8*$!
{
	archiveVersion = 1;
	classes = {
	};
	objectVersion = 46;
	objects = {

/* Begin PBXBuildFile section */
		D429978716B0E415005744B1 /* CLAPIDeserializer.m in Sources */ = {isa = PBXBuildFile; fileRef = D4153EB31638650B002AE924 /* CLAPIDeserializer.m */; };
		D429978816B0E415005744B1 /* CLAPISerializer.m in Sources */ = {isa = PBXBuildFile; fileRef = D4153EB51638650B002AE924 /* CLAPISerializer.m */; };
		D429978916B0E415005744B1 /* NSMutableURLRequest+NPPOSTBody.m in Sources */ = {isa = PBXBuildFile; fileRef = D4153EB81638650B002AE924 /* NSMutableURLRequest+NPPOSTBody.m */; };
		D429978A16B0E415005744B1 /* NSString+NPAdditions.m in Sources */ = {isa = PBXBuildFile; fileRef = D4153EBA1638650B002AE924 /* NSString+NPAdditions.m */; };
		D429978B16B0E415005744B1 /* NSString+NPMimeType.m in Sources */ = {isa = PBXBuildFile; fileRef = D4153EBC1638650B002AE924 /* NSString+NPMimeType.m */; };
		D429978C16B0E415005744B1 /* CLAPIEngine.m in Sources */ = {isa = PBXBuildFile; fileRef = D4153EBE1638650B002AE924 /* CLAPIEngine.m */; };
		D429978D16B0E415005744B1 /* CLAPIEngineConstants.m in Sources */ = {isa = PBXBuildFile; fileRef = D4153EC01638650B002AE924 /* CLAPIEngineConstants.m */; };
		D429978E16B0E415005744B1 /* CLAPITransaction.m in Sources */ = {isa = PBXBuildFile; fileRef = D4153EC31638650B002AE924 /* CLAPITransaction.m */; };
		D429978F16B0E415005744B1 /* CLAccount.m in Sources */ = {isa = PBXBuildFile; fileRef = D4153EC81638650B002AE924 /* CLAccount.m */; };
		D429979016B0E415005744B1 /* CLSocket.m in Sources */ = {isa = PBXBuildFile; fileRef = D4153ECA1638650B002AE924 /* CLSocket.m */; };
		D429979116B0E415005744B1 /* CLWebItem.m in Sources */ = {isa = PBXBuildFile; fileRef = D4153ECC1638650B002AE924 /* CLWebItem.m */; };
		D4299B2916B0E50E005744B1 /* nameprep.c in Sources */ = {isa = PBXBuildFile; fileRef = D42998EE16B0E50E005744B1 /* nameprep.c */; };
		D4299B2A16B0E50E005744B1 /* puny.c in Sources */ = {isa = PBXBuildFile; fileRef = D42998F016B0E50E005744B1 /* puny.c */; };
		D4299B2B16B0E50E005744B1 /* race.c in Sources */ = {isa = PBXBuildFile; fileRef = D42998F216B0E50E005744B1 /* race.c */; };
		D4299B2C16B0E50E005744B1 /* toxxx.c in Sources */ = {isa = PBXBuildFile; fileRef = D429990116B0E50E005744B1 /* toxxx.c */; };
		D4299B2D16B0E50E005744B1 /* util.c in Sources */ = {isa = PBXBuildFile; fileRef = D429990316B0E50E005744B1 /* util.c */; };
		D4299B2E16B0E50E005744B1 /* NSURL+IFUnicodeURL.m in Sources */ = {isa = PBXBuildFile; fileRef = D429990816B0E50E005744B1 /* NSURL+IFUnicodeURL.m */; };
		D4299B2F16B0E50E005744B1 /* IFUnicodeURL-LICENSE.txt in Resources */ = {isa = PBXBuildFile; fileRef = D429990916B0E50E005744B1 /* IFUnicodeURL-LICENSE.txt */; };
		D4299B3016B0E50E005744B1 /* README.md in Resources */ = {isa = PBXBuildFile; fileRef = D429990A16B0E50E005744B1 /* README.md */; };
		D4299B3116B0E50E005744B1 /* .gitignore in Resources */ = {isa = PBXBuildFile; fileRef = D429990C16B0E50E005744B1 /* .gitignore */; };
		D4299B3216B0E50E005744B1 /* Changes.markdown in Resources */ = {isa = PBXBuildFile; fileRef = D429990D16B0E50E005744B1 /* Changes.markdown */; };
		D4299B3316B0E50E005744B1 /* NSObject+JSON.m in Sources */ = {isa = PBXBuildFile; fileRef = D429991116B0E50E005744B1 /* NSObject+JSON.m */; };
		D4299B3416B0E50E005744B1 /* SBJsonParser.m in Sources */ = {isa = PBXBuildFile; fileRef = D429991316B0E50E005744B1 /* SBJsonParser.m */; };
		D4299B3516B0E50E005744B1 /* SBJsonStreamParser.m in Sources */ = {isa = PBXBuildFile; fileRef = D429991516B0E50E005744B1 /* SBJsonStreamParser.m */; };
		D4299B3616B0E50E005744B1 /* SBJsonStreamParserAdapter.m in Sources */ = {isa = PBXBuildFile; fileRef = D429991716B0E50E005744B1 /* SBJsonStreamParserAdapter.m */; };
		D4299B3716B0E50E005744B1 /* SBJsonStreamParserState.m in Sources */ = {isa = PBXBuildFile; fileRef = D429991916B0E50E005744B1 /* SBJsonStreamParserState.m */; };
		D4299B3816B0E50E005744B1 /* SBJsonStreamWriter.m in Sources */ = {isa = PBXBuildFile; fileRef = D429991B16B0E50E005744B1 /* SBJsonStreamWriter.m */; };
		D4299B3916B0E50E005744B1 /* SBJsonStreamWriterState.m in Sources */ = {isa = PBXBuildFile; fileRef = D429991D16B0E50E005744B1 /* SBJsonStreamWriterState.m */; };
		D4299B3A16B0E50E005744B1 /* SBJsonTokeniser.m in Sources */ = {isa = PBXBuildFile; fileRef = D429991F16B0E50E005744B1 /* SBJsonTokeniser.m */; };
		D4299B3B16B0E50E005744B1 /* SBJsonWriter.m in Sources */ = {isa = PBXBuildFile; fileRef = D429992116B0E50E005744B1 /* SBJsonWriter.m */; };
		D4299B3D16B0E50E005744B1 /* Credits.markdown in Resources */ = {isa = PBXBuildFile; fileRef = D429992416B0E50E005744B1 /* Credits.markdown */; };
		D4299B4B16B0E50E005744B1 /* Installation.markdown in Resources */ = {isa = PBXBuildFile; fileRef = D429994516B0E50E005744B1 /* Installation.markdown */; };
		D4299B4E16B0E50E005744B1 /* LICENSE in Resources */ = {isa = PBXBuildFile; fileRef = D429994B16B0E50E005744B1 /* LICENSE */; };
		D4299B4F16B0E50E005744B1 /* Readme.markdown in Resources */ = {isa = PBXBuildFile; fileRef = D429994C16B0E50E005744B1 /* Readme.markdown */; };
		D4299B5016B0E50E005744B1 /* ReleaseChecklist.markdown in Resources */ = {isa = PBXBuildFile; fileRef = D429994D16B0E50E005744B1 /* ReleaseChecklist.markdown */; };
		D499EDFE16332A2C00E29D4B /* Cocoa.framework in Frameworks */ = {isa = PBXBuildFile; fileRef = D499EDFD16332A2C00E29D4B /* Cocoa.framework */; };
		D499EE0416332A2C00E29D4B /* InfoPlist.strings in Resources */ = {isa = PBXBuildFile; fileRef = D499EE0216332A2C00E29D4B /* InfoPlist.strings */; };
		D499EE1016332A2C00E29D4B /* QSCloudAppAction.m in Sources */ = {isa = PBXBuildFile; fileRef = D499EE0F16332A2C00E29D4B /* QSCloudAppAction.m */; };
		D499EE1316332A2C00E29D4B /* QSCloudAppSource.m in Sources */ = {isa = PBXBuildFile; fileRef = D499EE1216332A2C00E29D4B /* QSCloudAppSource.m */; };
		D4F5E5681713421E00C2629C /* QSCloudDelegate.m in Sources */ = {isa = PBXBuildFile; fileRef = D4F5E5671713421E00C2629C /* QSCloudDelegate.m */; };
		D4F5E57517188FC200C2629C /* QSCloudPrefPane.m in Sources */ = {isa = PBXBuildFile; fileRef = D4F5E57417188FC200C2629C /* QSCloudPrefPane.m */; };
		D4F5E57717189D0900C2629C /* QSCloudPrefPane.xib in Resources */ = {isa = PBXBuildFile; fileRef = D4F5E57617189D0900C2629C /* QSCloudPrefPane.xib */; };
/* End PBXBuildFile section */

/* Begin PBXFileReference section */
		D4153EB21638650B002AE924 /* CLAPIDeserializer.h */ = {isa = PBXFileReference; lastKnownFileType = sourcecode.c.h; path = CLAPIDeserializer.h; sourceTree = "<group>"; };
		D4153EB31638650B002AE924 /* CLAPIDeserializer.m */ = {isa = PBXFileReference; lastKnownFileType = sourcecode.c.objc; path = CLAPIDeserializer.m; sourceTree = "<group>"; };
		D4153EB41638650B002AE924 /* CLAPISerializer.h */ = {isa = PBXFileReference; lastKnownFileType = sourcecode.c.h; path = CLAPISerializer.h; sourceTree = "<group>"; };
		D4153EB51638650B002AE924 /* CLAPISerializer.m */ = {isa = PBXFileReference; lastKnownFileType = sourcecode.c.objc; path = CLAPISerializer.m; sourceTree = "<group>"; };
		D4153EB71638650B002AE924 /* NSMutableURLRequest+NPPOSTBody.h */ = {isa = PBXFileReference; lastKnownFileType = sourcecode.c.h; path = "NSMutableURLRequest+NPPOSTBody.h"; sourceTree = "<group>"; };
		D4153EB81638650B002AE924 /* NSMutableURLRequest+NPPOSTBody.m */ = {isa = PBXFileReference; lastKnownFileType = sourcecode.c.objc; path = "NSMutableURLRequest+NPPOSTBody.m"; sourceTree = "<group>"; };
		D4153EB91638650B002AE924 /* NSString+NPAdditions.h */ = {isa = PBXFileReference; lastKnownFileType = sourcecode.c.h; path = "NSString+NPAdditions.h"; sourceTree = "<group>"; };
		D4153EBA1638650B002AE924 /* NSString+NPAdditions.m */ = {isa = PBXFileReference; lastKnownFileType = sourcecode.c.objc; path = "NSString+NPAdditions.m"; sourceTree = "<group>"; };
		D4153EBB1638650B002AE924 /* NSString+NPMimeType.h */ = {isa = PBXFileReference; lastKnownFileType = sourcecode.c.h; path = "NSString+NPMimeType.h"; sourceTree = "<group>"; };
		D4153EBC1638650B002AE924 /* NSString+NPMimeType.m */ = {isa = PBXFileReference; lastKnownFileType = sourcecode.c.objc; path = "NSString+NPMimeType.m"; sourceTree = "<group>"; };
		D4153EBD1638650B002AE924 /* CLAPIEngine.h */ = {isa = PBXFileReference; lastKnownFileType = sourcecode.c.h; path = CLAPIEngine.h; sourceTree = "<group>"; };
		D4153EBE1638650B002AE924 /* CLAPIEngine.m */ = {isa = PBXFileReference; lastKnownFileType = sourcecode.c.objc; path = CLAPIEngine.m; sourceTree = "<group>"; };
		D4153EBF1638650B002AE924 /* CLAPIEngineConstants.h */ = {isa = PBXFileReference; lastKnownFileType = sourcecode.c.h; path = CLAPIEngineConstants.h; sourceTree = "<group>"; };
		D4153EC01638650B002AE924 /* CLAPIEngineConstants.m */ = {isa = PBXFileReference; lastKnownFileType = sourcecode.c.objc; path = CLAPIEngineConstants.m; sourceTree = "<group>"; };
		D4153EC11638650B002AE924 /* CLAPIEngineDelegate.h */ = {isa = PBXFileReference; lastKnownFileType = sourcecode.c.h; path = CLAPIEngineDelegate.h; sourceTree = "<group>"; };
		D4153EC21638650B002AE924 /* CLAPITransaction.h */ = {isa = PBXFileReference; lastKnownFileType = sourcecode.c.h; path = CLAPITransaction.h; sourceTree = "<group>"; };
		D4153EC31638650B002AE924 /* CLAPITransaction.m */ = {isa = PBXFileReference; lastKnownFileType = sourcecode.c.objc; path = CLAPITransaction.m; sourceTree = "<group>"; };
		D4153EC41638650B002AE924 /* Cloud-Prefix.pch */ = {isa = PBXFileReference; lastKnownFileType = sourcecode.c.h; path = "Cloud-Prefix.pch"; sourceTree = "<group>"; };
		D4153EC51638650B002AE924 /* Cloud.h */ = {isa = PBXFileReference; lastKnownFileType = sourcecode.c.h; path = Cloud.h; sourceTree = "<group>"; };
		D4153EC71638650B002AE924 /* CLAccount.h */ = {isa = PBXFileReference; lastKnownFileType = sourcecode.c.h; path = CLAccount.h; sourceTree = "<group>"; };
		D4153EC81638650B002AE924 /* CLAccount.m */ = {isa = PBXFileReference; lastKnownFileType = sourcecode.c.objc; path = CLAccount.m; sourceTree = "<group>"; };
		D4153EC91638650B002AE924 /* CLSocket.h */ = {isa = PBXFileReference; lastKnownFileType = sourcecode.c.h; path = CLSocket.h; sourceTree = "<group>"; };
		D4153ECA1638650B002AE924 /* CLSocket.m */ = {isa = PBXFileReference; lastKnownFileType = sourcecode.c.objc; path = CLSocket.m; sourceTree = "<group>"; };
		D4153ECB1638650B002AE924 /* CLWebItem.h */ = {isa = PBXFileReference; lastKnownFileType = sourcecode.c.h; path = CLWebItem.h; sourceTree = "<group>"; };
		D4153ECC1638650B002AE924 /* CLWebItem.m */ = {isa = PBXFileReference; lastKnownFileType = sourcecode.c.objc; path = CLWebItem.m; sourceTree = "<group>"; };
		D42998ED16B0E50E005744B1 /* adapter.h */ = {isa = PBXFileReference; fileEncoding = 4; lastKnownFileType = sourcecode.c.h; path = adapter.h; sourceTree = "<group>"; };
		D42998EE16B0E50E005744B1 /* nameprep.c */ = {isa = PBXFileReference; fileEncoding = 4; lastKnownFileType = sourcecode.c.c; path = nameprep.c; sourceTree = "<group>"; };
		D42998EF16B0E50E005744B1 /* nameprep.h */ = {isa = PBXFileReference; fileEncoding = 4; lastKnownFileType = sourcecode.c.h; path = nameprep.h; sourceTree = "<group>"; };
		D42998F016B0E50E005744B1 /* puny.c */ = {isa = PBXFileReference; fileEncoding = 4; lastKnownFileType = sourcecode.c.c; path = puny.c; sourceTree = "<group>"; };
		D42998F116B0E50E005744B1 /* puny.h */ = {isa = PBXFileReference; fileEncoding = 4; lastKnownFileType = sourcecode.c.h; path = puny.h; sourceTree = "<group>"; };
		D42998F216B0E50E005744B1 /* race.c */ = {isa = PBXFileReference; fileEncoding = 4; lastKnownFileType = sourcecode.c.c; path = race.c; sourceTree = "<group>"; };
		D42998F316B0E50E005744B1 /* race.h */ = {isa = PBXFileReference; fileEncoding = 4; lastKnownFileType = sourcecode.c.h; path = race.h; sourceTree = "<group>"; };
		D42998F516B0E50E005744B1 /* nameprep_bidi_lcat.h */ = {isa = PBXFileReference; fileEncoding = 4; lastKnownFileType = sourcecode.c.h; path = nameprep_bidi_lcat.h; sourceTree = "<group>"; };
		D42998F616B0E50E005744B1 /* nameprep_bidi_randalcat.h */ = {isa = PBXFileReference; fileEncoding = 4; lastKnownFileType = sourcecode.c.h; path = nameprep_bidi_randalcat.h; sourceTree = "<group>"; };
		D42998F716B0E50E005744B1 /* nameprep_charmap.h */ = {isa = PBXFileReference; fileEncoding = 4; lastKnownFileType = sourcecode.c.h; path = nameprep_charmap.h; sourceTree = "<group>"; };
		D42998F816B0E50E005744B1 /* nameprep_compatible.h */ = {isa = PBXFileReference; fileEncoding = 4; lastKnownFileType = sourcecode.c.h; path = nameprep_compatible.h; sourceTree = "<group>"; };
		D42998F916B0E50E005744B1 /* nameprep_compose.h */ = {isa = PBXFileReference; fileEncoding = 4; lastKnownFileType = sourcecode.c.h; path = nameprep_compose.h; sourceTree = "<group>"; };
		D42998FA16B0E50E005744B1 /* nameprep_cononical.h */ = {isa = PBXFileReference; fileEncoding = 4; lastKnownFileType = sourcecode.c.h; path = nameprep_cononical.h; sourceTree = "<group>"; };
		D42998FB16B0E50E005744B1 /* nameprep_data.h */ = {isa = PBXFileReference; fileEncoding = 4; lastKnownFileType = sourcecode.c.h; path = nameprep_data.h; sourceTree = "<group>"; };
		D42998FC16B0E50E005744B1 /* nameprep_datastructures.h */ = {isa = PBXFileReference; fileEncoding = 4; lastKnownFileType = sourcecode.c.h; path = nameprep_datastructures.h; sourceTree = "<group>"; };
		D42998FD16B0E50E005744B1 /* nameprep_decompose.h */ = {isa = PBXFileReference; fileEncoding = 4; lastKnownFileType = sourcecode.c.h; path = nameprep_decompose.h; sourceTree = "<group>"; };
		D42998FE16B0E50E005744B1 /* nameprep_lookups.h */ = {isa = PBXFileReference; fileEncoding = 4; lastKnownFileType = sourcecode.c.h; path = nameprep_lookups.h; sourceTree = "<group>"; };
		D42998FF16B0E50E005744B1 /* nameprep_prohibit.h */ = {isa = PBXFileReference; fileEncoding = 4; lastKnownFileType = sourcecode.c.h; path = nameprep_prohibit.h; sourceTree = "<group>"; };
		D429990016B0E50E005744B1 /* nameprep_prohibit_allowunassigned.h */ = {isa = PBXFileReference; fileEncoding = 4; lastKnownFileType = sourcecode.c.h; path = nameprep_prohibit_allowunassigned.h; sourceTree = "<group>"; };
		D429990116B0E50E005744B1 /* toxxx.c */ = {isa = PBXFileReference; fileEncoding = 4; lastKnownFileType = sourcecode.c.c; path = toxxx.c; sourceTree = "<group>"; };
		D429990216B0E50E005744B1 /* toxxx.h */ = {isa = PBXFileReference; fileEncoding = 4; lastKnownFileType = sourcecode.c.h; path = toxxx.h; sourceTree = "<group>"; };
		D429990316B0E50E005744B1 /* util.c */ = {isa = PBXFileReference; fileEncoding = 4; lastKnownFileType = sourcecode.c.c; path = util.c; sourceTree = "<group>"; };
		D429990416B0E50E005744B1 /* util.h */ = {isa = PBXFileReference; fileEncoding = 4; lastKnownFileType = sourcecode.c.h; path = util.h; sourceTree = "<group>"; };
		D429990516B0E50E005744B1 /* xcode.h */ = {isa = PBXFileReference; fileEncoding = 4; lastKnownFileType = sourcecode.c.h; path = xcode.h; sourceTree = "<group>"; };
		D429990616B0E50E005744B1 /* xcode_config.h */ = {isa = PBXFileReference; fileEncoding = 4; lastKnownFileType = sourcecode.c.h; path = xcode_config.h; sourceTree = "<group>"; };
		D429990716B0E50E005744B1 /* NSURL+IFUnicodeURL.h */ = {isa = PBXFileReference; fileEncoding = 4; lastKnownFileType = sourcecode.c.h; path = "NSURL+IFUnicodeURL.h"; sourceTree = "<group>"; };
		D429990816B0E50E005744B1 /* NSURL+IFUnicodeURL.m */ = {isa = PBXFileReference; fileEncoding = 4; lastKnownFileType = sourcecode.c.objc; path = "NSURL+IFUnicodeURL.m"; sourceTree = "<group>"; };
		D429990916B0E50E005744B1 /* IFUnicodeURL-LICENSE.txt */ = {isa = PBXFileReference; fileEncoding = 4; lastKnownFileType = text; path = "IFUnicodeURL-LICENSE.txt"; sourceTree = "<group>"; };
		D429990A16B0E50E005744B1 /* README.md */ = {isa = PBXFileReference; fileEncoding = 4; lastKnownFileType = text; path = README.md; sourceTree = "<group>"; };
		D429990C16B0E50E005744B1 /* .gitignore */ = {isa = PBXFileReference; fileEncoding = 4; lastKnownFileType = text; path = .gitignore; sourceTree = "<group>"; };
		D429990D16B0E50E005744B1 /* Changes.markdown */ = {isa = PBXFileReference; fileEncoding = 4; lastKnownFileType = text; path = Changes.markdown; sourceTree = "<group>"; };
		D429990F16B0E50E005744B1 /* JSON.h */ = {isa = PBXFileReference; fileEncoding = 4; lastKnownFileType = sourcecode.c.h; path = JSON.h; sourceTree = "<group>"; };
		D429991016B0E50E005744B1 /* NSObject+JSON.h */ = {isa = PBXFileReference; fileEncoding = 4; lastKnownFileType = sourcecode.c.h; path = "NSObject+JSON.h"; sourceTree = "<group>"; };
		D429991116B0E50E005744B1 /* NSObject+JSON.m */ = {isa = PBXFileReference; fileEncoding = 4; lastKnownFileType = sourcecode.c.objc; path = "NSObject+JSON.m"; sourceTree = "<group>"; };
		D429991216B0E50E005744B1 /* SBJsonParser.h */ = {isa = PBXFileReference; fileEncoding = 4; lastKnownFileType = sourcecode.c.h; path = SBJsonParser.h; sourceTree = "<group>"; };
		D429991316B0E50E005744B1 /* SBJsonParser.m */ = {isa = PBXFileReference; fileEncoding = 4; lastKnownFileType = sourcecode.c.objc; path = SBJsonParser.m; sourceTree = "<group>"; };
		D429991416B0E50E005744B1 /* SBJsonStreamParser.h */ = {isa = PBXFileReference; fileEncoding = 4; lastKnownFileType = sourcecode.c.h; path = SBJsonStreamParser.h; sourceTree = "<group>"; };
		D429991516B0E50E005744B1 /* SBJsonStreamParser.m */ = {isa = PBXFileReference; fileEncoding = 4; lastKnownFileType = sourcecode.c.objc; path = SBJsonStreamParser.m; sourceTree = "<group>"; };
		D429991616B0E50E005744B1 /* SBJsonStreamParserAdapter.h */ = {isa = PBXFileReference; fileEncoding = 4; lastKnownFileType = sourcecode.c.h; path = SBJsonStreamParserAdapter.h; sourceTree = "<group>"; };
		D429991716B0E50E005744B1 /* SBJsonStreamParserAdapter.m */ = {isa = PBXFileReference; fileEncoding = 4; lastKnownFileType = sourcecode.c.objc; path = SBJsonStreamParserAdapter.m; sourceTree = "<group>"; };
		D429991816B0E50E005744B1 /* SBJsonStreamParserState.h */ = {isa = PBXFileReference; fileEncoding = 4; lastKnownFileType = sourcecode.c.h; path = SBJsonStreamParserState.h; sourceTree = "<group>"; };
		D429991916B0E50E005744B1 /* SBJsonStreamParserState.m */ = {isa = PBXFileReference; fileEncoding = 4; lastKnownFileType = sourcecode.c.objc; path = SBJsonStreamParserState.m; sourceTree = "<group>"; };
		D429991A16B0E50E005744B1 /* SBJsonStreamWriter.h */ = {isa = PBXFileReference; fileEncoding = 4; lastKnownFileType = sourcecode.c.h; path = SBJsonStreamWriter.h; sourceTree = "<group>"; };
		D429991B16B0E50E005744B1 /* SBJsonStreamWriter.m */ = {isa = PBXFileReference; fileEncoding = 4; lastKnownFileType = sourcecode.c.objc; path = SBJsonStreamWriter.m; sourceTree = "<group>"; };
		D429991C16B0E50E005744B1 /* SBJsonStreamWriterState.h */ = {isa = PBXFileReference; fileEncoding = 4; lastKnownFileType = sourcecode.c.h; path = SBJsonStreamWriterState.h; sourceTree = "<group>"; };
		D429991D16B0E50E005744B1 /* SBJsonStreamWriterState.m */ = {isa = PBXFileReference; fileEncoding = 4; lastKnownFileType = sourcecode.c.objc; path = SBJsonStreamWriterState.m; sourceTree = "<group>"; };
		D429991E16B0E50E005744B1 /* SBJsonTokeniser.h */ = {isa = PBXFileReference; fileEncoding = 4; lastKnownFileType = sourcecode.c.h; path = SBJsonTokeniser.h; sourceTree = "<group>"; };
		D429991F16B0E50E005744B1 /* SBJsonTokeniser.m */ = {isa = PBXFileReference; fileEncoding = 4; lastKnownFileType = sourcecode.c.objc; path = SBJsonTokeniser.m; sourceTree = "<group>"; };
		D429992016B0E50E005744B1 /* SBJsonWriter.h */ = {isa = PBXFileReference; fileEncoding = 4; lastKnownFileType = sourcecode.c.h; path = SBJsonWriter.h; sourceTree = "<group>"; };
		D429992116B0E50E005744B1 /* SBJsonWriter.m */ = {isa = PBXFileReference; fileEncoding = 4; lastKnownFileType = sourcecode.c.objc; path = SBJsonWriter.m; sourceTree = "<group>"; };
		D429992416B0E50E005744B1 /* Credits.markdown */ = {isa = PBXFileReference; fileEncoding = 4; lastKnownFileType = text; path = Credits.markdown; sourceTree = "<group>"; };
		D429994516B0E50E005744B1 /* Installation.markdown */ = {isa = PBXFileReference; fileEncoding = 4; lastKnownFileType = text; path = Installation.markdown; sourceTree = "<group>"; };
		D429994B16B0E50E005744B1 /* LICENSE */ = {isa = PBXFileReference; fileEncoding = 4; lastKnownFileType = text; path = LICENSE; sourceTree = "<group>"; };
		D429994C16B0E50E005744B1 /* Readme.markdown */ = {isa = PBXFileReference; fileEncoding = 4; lastKnownFileType = text; path = Readme.markdown; sourceTree = "<group>"; };
		D429994D16B0E50E005744B1 /* ReleaseChecklist.markdown */ = {isa = PBXFileReference; fileEncoding = 4; lastKnownFileType = text; path = ReleaseChecklist.markdown; sourceTree = "<group>"; };
		D499EDFA16332A2C00E29D4B /* QSCloudApp.qsplugin */ = {isa = PBXFileReference; explicitFileType = wrapper.cfbundle; includeInIndex = 0; path = QSCloudApp.qsplugin; sourceTree = BUILT_PRODUCTS_DIR; };
		D499EDFD16332A2C00E29D4B /* Cocoa.framework */ = {isa = PBXFileReference; lastKnownFileType = wrapper.framework; name = Cocoa.framework; path = System/Library/Frameworks/Cocoa.framework; sourceTree = SDKROOT; };
		D499EE0116332A2C00E29D4B /* Info.plist */ = {isa = PBXFileReference; lastKnownFileType = text.plist.xml; path = Info.plist; sourceTree = SOURCE_ROOT; };
		D499EE0316332A2C00E29D4B /* en */ = {isa = PBXFileReference; lastKnownFileType = text.plist.strings; name = en; path = en.lproj/InfoPlist.strings; sourceTree = "<group>"; };
		D499EE0616332A2C00E29D4B /* Common.xcconfig */ = {isa = PBXFileReference; lastKnownFileType = text.xcconfig; path = Common.xcconfig; sourceTree = "<group>"; };
		D499EE0716332A2C00E29D4B /* Debug.xcconfig */ = {isa = PBXFileReference; lastKnownFileType = text.xcconfig; path = Debug.xcconfig; sourceTree = "<group>"; };
		D499EE0816332A2C00E29D4B /* Developer.xcconfig */ = {isa = PBXFileReference; lastKnownFileType = text.xcconfig; path = Developer.xcconfig; sourceTree = "<group>"; };
		D499EE0916332A2C00E29D4B /* QSPlugIn.xcconfig */ = {isa = PBXFileReference; lastKnownFileType = text.xcconfig; path = QSPlugIn.xcconfig; sourceTree = "<group>"; };
		D499EE0A16332A2C00E29D4B /* Quicksilver.pch */ = {isa = PBXFileReference; lastKnownFileType = sourcecode.c.h; path = Quicksilver.pch; sourceTree = "<group>"; };
		D499EE0B16332A2C00E29D4B /* Release.xcconfig */ = {isa = PBXFileReference; lastKnownFileType = text.xcconfig; path = Release.xcconfig; sourceTree = "<group>"; };
		D499EE0E16332A2C00E29D4B /* QSCloudAppAction.h */ = {isa = PBXFileReference; lastKnownFileType = sourcecode.c.h; path = QSCloudAppAction.h; sourceTree = "<group>"; };
		D499EE0F16332A2C00E29D4B /* QSCloudAppAction.m */ = {isa = PBXFileReference; lastKnownFileType = sourcecode.c.objc; path = QSCloudAppAction.m; sourceTree = "<group>"; };
		D499EE1116332A2C00E29D4B /* QSCloudAppSource.h */ = {isa = PBXFileReference; lastKnownFileType = sourcecode.c.h; path = QSCloudAppSource.h; sourceTree = "<group>"; };
		D499EE1216332A2C00E29D4B /* QSCloudAppSource.m */ = {isa = PBXFileReference; lastKnownFileType = sourcecode.c.objc; path = QSCloudAppSource.m; sourceTree = "<group>"; };
		D4E44C9E170D1B6E005C0223 /* QSCloudAppDefines.h */ = {isa = PBXFileReference; lastKnownFileType = sourcecode.c.h; path = QSCloudAppDefines.h; sourceTree = "<group>"; };
		D4F5E5661713421E00C2629C /* QSCloudDelegate.h */ = {isa = PBXFileReference; fileEncoding = 4; lastKnownFileType = sourcecode.c.h; path = QSCloudDelegate.h; sourceTree = "<group>"; };
		D4F5E5671713421E00C2629C /* QSCloudDelegate.m */ = {isa = PBXFileReference; fileEncoding = 4; lastKnownFileType = sourcecode.c.objc; path = QSCloudDelegate.m; sourceTree = "<group>"; };
		D4F5E57317188FC200C2629C /* QSCloudPrefPane.h */ = {isa = PBXFileReference; fileEncoding = 4; lastKnownFileType = sourcecode.c.h; path = QSCloudPrefPane.h; sourceTree = "<group>"; };
		D4F5E57417188FC200C2629C /* QSCloudPrefPane.m */ = {isa = PBXFileReference; fileEncoding = 4; lastKnownFileType = sourcecode.c.objc; path = QSCloudPrefPane.m; sourceTree = "<group>"; };
		D4F5E57617189D0900C2629C /* QSCloudPrefPane.xib */ = {isa = PBXFileReference; fileEncoding = 4; lastKnownFileType = file.xib; path = QSCloudPrefPane.xib; sourceTree = "<group>"; };
/* End PBXFileReference section */

/* Begin PBXFrameworksBuildPhase section */
		D499EDF716332A2C00E29D4B /* Frameworks */ = {
			isa = PBXFrameworksBuildPhase;
			buildActionMask = 2147483647;
			files = (
				D499EDFE16332A2C00E29D4B /* Cocoa.framework in Frameworks */,
			);
			runOnlyForDeploymentPostprocessing = 0;
		};
/* End PBXFrameworksBuildPhase section */

/* Begin PBXGroup section */
		D4153EB01638650B002AE924 /* Cloud */ = {
			isa = PBXGroup;
			children = (
				D4153EB11638650B002AE924 /* API Parsing */,
				D4153EB61638650B002AE924 /* Categories */,
				D4153EBD1638650B002AE924 /* CLAPIEngine.h */,
				D4153EBE1638650B002AE924 /* CLAPIEngine.m */,
				D4153EBF1638650B002AE924 /* CLAPIEngineConstants.h */,
				D4153EC01638650B002AE924 /* CLAPIEngineConstants.m */,
				D4153EC11638650B002AE924 /* CLAPIEngineDelegate.h */,
				D4153EC21638650B002AE924 /* CLAPITransaction.h */,
				D4153EC31638650B002AE924 /* CLAPITransaction.m */,
				D4153EC41638650B002AE924 /* Cloud-Prefix.pch */,
				D4153EC51638650B002AE924 /* Cloud.h */,
				D4153EC61638650B002AE924 /* Model */,
				D4153ECD1638650B002AE924 /* Third Party */,
			);
			path = Cloud;
			sourceTree = "<group>";
		};
		D4153EB11638650B002AE924 /* API Parsing */ = {
			isa = PBXGroup;
			children = (
				D4153EB21638650B002AE924 /* CLAPIDeserializer.h */,
				D4153EB31638650B002AE924 /* CLAPIDeserializer.m */,
				D4153EB41638650B002AE924 /* CLAPISerializer.h */,
				D4153EB51638650B002AE924 /* CLAPISerializer.m */,
			);
			path = "API Parsing";
			sourceTree = "<group>";
		};
		D4153EB61638650B002AE924 /* Categories */ = {
			isa = PBXGroup;
			children = (
				D4153EB71638650B002AE924 /* NSMutableURLRequest+NPPOSTBody.h */,
				D4153EB81638650B002AE924 /* NSMutableURLRequest+NPPOSTBody.m */,
				D4153EB91638650B002AE924 /* NSString+NPAdditions.h */,
				D4153EBA1638650B002AE924 /* NSString+NPAdditions.m */,
				D4153EBB1638650B002AE924 /* NSString+NPMimeType.h */,
				D4153EBC1638650B002AE924 /* NSString+NPMimeType.m */,
			);
			path = Categories;
			sourceTree = "<group>";
		};
		D4153EC61638650B002AE924 /* Model */ = {
			isa = PBXGroup;
			children = (
				D4153EC71638650B002AE924 /* CLAccount.h */,
				D4153EC81638650B002AE924 /* CLAccount.m */,
				D4153EC91638650B002AE924 /* CLSocket.h */,
				D4153ECA1638650B002AE924 /* CLSocket.m */,
				D4153ECB1638650B002AE924 /* CLWebItem.h */,
				D4153ECC1638650B002AE924 /* CLWebItem.m */,
			);
			path = Model;
			sourceTree = "<group>";
		};
		D4153ECD1638650B002AE924 /* Third Party */ = {
			isa = PBXGroup;
			children = (
				D429979316B0E50E005744B1 /* IFUnicodeURL */,
				D429990B16B0E50E005744B1 /* JSON */,
			);
			path = "Third Party";
			sourceTree = "<group>";
		};
		D429979316B0E50E005744B1 /* IFUnicodeURL */ = {
			isa = PBXGroup;
			children = (
				D42998EB16B0E50E005744B1 /* IFUnicodeURL */,
				D429990916B0E50E005744B1 /* IFUnicodeURL-LICENSE.txt */,
				D429990A16B0E50E005744B1 /* README.md */,
			);
			path = IFUnicodeURL;
			sourceTree = "<group>";
		};
		D42998EB16B0E50E005744B1 /* IFUnicodeURL */ = {
			isa = PBXGroup;
			children = (
				D42998EC16B0E50E005744B1 /* IDNSDK */,
				D429990716B0E50E005744B1 /* NSURL+IFUnicodeURL.h */,
				D429990816B0E50E005744B1 /* NSURL+IFUnicodeURL.m */,
			);
			path = IFUnicodeURL;
			sourceTree = "<group>";
		};
		D42998EC16B0E50E005744B1 /* IDNSDK */ = {
			isa = PBXGroup;
			children = (
				D42998ED16B0E50E005744B1 /* adapter.h */,
				D42998EE16B0E50E005744B1 /* nameprep.c */,
				D42998EF16B0E50E005744B1 /* nameprep.h */,
				D42998F016B0E50E005744B1 /* puny.c */,
				D42998F116B0E50E005744B1 /* puny.h */,
				D42998F216B0E50E005744B1 /* race.c */,
				D42998F316B0E50E005744B1 /* race.h */,
				D42998F416B0E50E005744B1 /* staticdata */,
				D429990116B0E50E005744B1 /* toxxx.c */,
				D429990216B0E50E005744B1 /* toxxx.h */,
				D429990316B0E50E005744B1 /* util.c */,
				D429990416B0E50E005744B1 /* util.h */,
				D429990516B0E50E005744B1 /* xcode.h */,
				D429990616B0E50E005744B1 /* xcode_config.h */,
			);
			path = IDNSDK;
			sourceTree = "<group>";
		};
		D42998F416B0E50E005744B1 /* staticdata */ = {
			isa = PBXGroup;
			children = (
				D42998F516B0E50E005744B1 /* nameprep_bidi_lcat.h */,
				D42998F616B0E50E005744B1 /* nameprep_bidi_randalcat.h */,
				D42998F716B0E50E005744B1 /* nameprep_charmap.h */,
				D42998F816B0E50E005744B1 /* nameprep_compatible.h */,
				D42998F916B0E50E005744B1 /* nameprep_compose.h */,
				D42998FA16B0E50E005744B1 /* nameprep_cononical.h */,
				D42998FB16B0E50E005744B1 /* nameprep_data.h */,
				D42998FC16B0E50E005744B1 /* nameprep_datastructures.h */,
				D42998FD16B0E50E005744B1 /* nameprep_decompose.h */,
				D42998FE16B0E50E005744B1 /* nameprep_lookups.h */,
				D42998FF16B0E50E005744B1 /* nameprep_prohibit.h */,
				D429990016B0E50E005744B1 /* nameprep_prohibit_allowunassigned.h */,
			);
			path = staticdata;
			sourceTree = "<group>";
		};
		D429990B16B0E50E005744B1 /* JSON */ = {
			isa = PBXGroup;
			children = (
				D429990C16B0E50E005744B1 /* .gitignore */,
				D429990D16B0E50E005744B1 /* Changes.markdown */,
				D429990E16B0E50E005744B1 /* Classes */,
				D429992416B0E50E005744B1 /* Credits.markdown */,
				D429994516B0E50E005744B1 /* Installation.markdown */,
				D429994B16B0E50E005744B1 /* LICENSE */,
				D429994C16B0E50E005744B1 /* Readme.markdown */,
				D429994D16B0E50E005744B1 /* ReleaseChecklist.markdown */,
			);
			path = JSON;
			sourceTree = "<group>";
		};
		D429990E16B0E50E005744B1 /* Classes */ = {
			isa = PBXGroup;
			children = (
				D429990F16B0E50E005744B1 /* JSON.h */,
				D429991016B0E50E005744B1 /* NSObject+JSON.h */,
				D429991116B0E50E005744B1 /* NSObject+JSON.m */,
				D429991216B0E50E005744B1 /* SBJsonParser.h */,
				D429991316B0E50E005744B1 /* SBJsonParser.m */,
				D429991416B0E50E005744B1 /* SBJsonStreamParser.h */,
				D429991516B0E50E005744B1 /* SBJsonStreamParser.m */,
				D429991616B0E50E005744B1 /* SBJsonStreamParserAdapter.h */,
				D429991716B0E50E005744B1 /* SBJsonStreamParserAdapter.m */,
				D429991816B0E50E005744B1 /* SBJsonStreamParserState.h */,
				D429991916B0E50E005744B1 /* SBJsonStreamParserState.m */,
				D429991A16B0E50E005744B1 /* SBJsonStreamWriter.h */,
				D429991B16B0E50E005744B1 /* SBJsonStreamWriter.m */,
				D429991C16B0E50E005744B1 /* SBJsonStreamWriterState.h */,
				D429991D16B0E50E005744B1 /* SBJsonStreamWriterState.m */,
				D429991E16B0E50E005744B1 /* SBJsonTokeniser.h */,
				D429991F16B0E50E005744B1 /* SBJsonTokeniser.m */,
				D429992016B0E50E005744B1 /* SBJsonWriter.h */,
				D429992116B0E50E005744B1 /* SBJsonWriter.m */,
			);
			path = Classes;
			sourceTree = "<group>";
		};
		D499EDEE16332A2C00E29D4B = {
			isa = PBXGroup;
			children = (
				D499EE0516332A2C00E29D4B /* Configuration */,
				D499EDFF16332A2C00E29D4B /* QSCloudApp */,
				D499EDFC16332A2C00E29D4B /* Frameworks */,
				D499EDFB16332A2C00E29D4B /* Products */,
			);
			sourceTree = "<group>";
		};
		D499EDFB16332A2C00E29D4B /* Products */ = {
			isa = PBXGroup;
			children = (
				D499EDFA16332A2C00E29D4B /* QSCloudApp.qsplugin */,
			);
			name = Products;
			sourceTree = "<group>";
		};
		D499EDFC16332A2C00E29D4B /* Frameworks */ = {
			isa = PBXGroup;
			children = (
				D499EDFD16332A2C00E29D4B /* Cocoa.framework */,
			);
			name = Frameworks;
			sourceTree = "<group>";
		};
		D499EDFF16332A2C00E29D4B /* QSCloudApp */ = {
			isa = PBXGroup;
			children = (
				D4E44C9E170D1B6E005C0223 /* QSCloudAppDefines.h */,
				D4F5E5661713421E00C2629C /* QSCloudDelegate.h */,
				D4F5E5671713421E00C2629C /* QSCloudDelegate.m */,
				D499EE0E16332A2C00E29D4B /* QSCloudAppAction.h */,
				D499EE0F16332A2C00E29D4B /* QSCloudAppAction.m */,
				D499EE1116332A2C00E29D4B /* QSCloudAppSource.h */,
				D499EE1216332A2C00E29D4B /* QSCloudAppSource.m */,
				D4F5E57317188FC200C2629C /* QSCloudPrefPane.h */,
				D4F5E57417188FC200C2629C /* QSCloudPrefPane.m */,
				D4153EB01638650B002AE924 /* Cloud */,
				D499EE0016332A2C00E29D4B /* Supporting Files */,
				D4F5E57017188E4F00C2629C /* Resources */,
			);
			path = QSCloudApp;
			sourceTree = "<group>";
		};
		D499EE0016332A2C00E29D4B /* Supporting Files */ = {
			isa = PBXGroup;
			children = (
				D499EE0116332A2C00E29D4B /* Info.plist */,
				D499EE0216332A2C00E29D4B /* InfoPlist.strings */,
			);
			name = "Supporting Files";
			sourceTree = "<group>";
		};
		D499EE0516332A2C00E29D4B /* Configuration */ = {
			isa = PBXGroup;
			children = (
				D499EE0616332A2C00E29D4B /* Common.xcconfig */,
				D499EE0716332A2C00E29D4B /* Debug.xcconfig */,
				D499EE0816332A2C00E29D4B /* Developer.xcconfig */,
				D499EE0916332A2C00E29D4B /* QSPlugIn.xcconfig */,
				D499EE0A16332A2C00E29D4B /* Quicksilver.pch */,
				D499EE0B16332A2C00E29D4B /* Release.xcconfig */,
			);
			name = Configuration;
			path = /private/tmp/QS/Configuration;
			sourceTree = "<absolute>";
		};
		D4F5E57017188E4F00C2629C /* Resources */ = {
			isa = PBXGroup;
			children = (
				D4F5E57617189D0900C2629C /* QSCloudPrefPane.xib */,
			);
			name = Resources;
			sourceTree = "<group>";
		};
/* End PBXGroup section */

/* Begin PBXNativeTarget section */
		D499EDF916332A2C00E29D4B /* QSCloudApp */ = {
			isa = PBXNativeTarget;
			buildConfigurationList = D499EE1616332A2C00E29D4B /* Build configuration list for PBXNativeTarget "QSCloudApp" */;
			buildPhases = (
				D499EDF516332A2C00E29D4B /* ShellScript */,
				D499EDF616332A2C00E29D4B /* Sources */,
				D499EDF716332A2C00E29D4B /* Frameworks */,
				D499EDF816332A2C00E29D4B /* Resources */,
			);
			buildRules = (
			);
			dependencies = (
			);
			name = QSCloudApp;
			productName = QSCloudApp;
			productReference = D499EDFA16332A2C00E29D4B /* QSCloudApp.qsplugin */;
			productType = "com.apple.product-type.bundle";
		};
/* End PBXNativeTarget section */

/* Begin PBXProject section */
		D499EDF016332A2C00E29D4B /* Project object */ = {
			isa = PBXProject;
			attributes = {
				LastUpgradeCheck = 0450;
				ORGANIZATIONNAME = Quicksilver;
			};
			buildConfigurationList = D499EDF316332A2C00E29D4B /* Build configuration list for PBXProject "QSCloudApp" */;
			compatibilityVersion = "Xcode 3.2";
			developmentRegion = English;
			hasScannedForEncodings = 0;
			knownRegions = (
				en,
				English,
			);
			mainGroup = D499EDEE16332A2C00E29D4B;
			productRefGroup = D499EDFB16332A2C00E29D4B /* Products */;
			projectDirPath = "";
			projectRoot = "";
			targets = (
				D499EDF916332A2C00E29D4B /* QSCloudApp */,
			);
		};
/* End PBXProject section */

/* Begin PBXResourcesBuildPhase section */
		D499EDF816332A2C00E29D4B /* Resources */ = {
			isa = PBXResourcesBuildPhase;
			buildActionMask = 2147483647;
			files = (
				D499EE0416332A2C00E29D4B /* InfoPlist.strings in Resources */,
				D4299B2F16B0E50E005744B1 /* IFUnicodeURL-LICENSE.txt in Resources */,
				D4299B3016B0E50E005744B1 /* README.md in Resources */,
				D4299B3116B0E50E005744B1 /* .gitignore in Resources */,
				D4299B3216B0E50E005744B1 /* Changes.markdown in Resources */,
				D4299B3D16B0E50E005744B1 /* Credits.markdown in Resources */,
				D4299B4B16B0E50E005744B1 /* Installation.markdown in Resources */,
				D4299B4E16B0E50E005744B1 /* LICENSE in Resources */,
				D4299B4F16B0E50E005744B1 /* Readme.markdown in Resources */,
				D4299B5016B0E50E005744B1 /* ReleaseChecklist.markdown in Resources */,
				D4F5E57717189D0900C2629C /* QSCloudPrefPane.xib in Resources */,
			);
			runOnlyForDeploymentPostprocessing = 0;
		};
/* End PBXResourcesBuildPhase section */

/* Begin PBXShellScriptBuildPhase section */
		D499EDF516332A2C00E29D4B /* ShellScript */ = {
			isa = PBXShellScriptBuildPhase;
			buildActionMask = 2147483647;
			files = (
			);
			inputPaths = (
			);
			outputPaths = (
			);
			runOnlyForDeploymentPostprocessing = 1;
			shellPath = /bin/sh;
			shellScript = "\"$QS_BUILD_ROOT/Tools/bltrversion\"";
		};
/* End PBXShellScriptBuildPhase section */

/* Begin PBXSourcesBuildPhase section */
		D499EDF616332A2C00E29D4B /* Sources */ = {
			isa = PBXSourcesBuildPhase;
			buildActionMask = 2147483647;
			files = (
				D499EE1016332A2C00E29D4B /* QSCloudAppAction.m in Sources */,
				D499EE1316332A2C00E29D4B /* QSCloudAppSource.m in Sources */,
				D429978716B0E415005744B1 /* CLAPIDeserializer.m in Sources */,
				D429978816B0E415005744B1 /* CLAPISerializer.m in Sources */,
				D429978916B0E415005744B1 /* NSMutableURLRequest+NPPOSTBody.m in Sources */,
				D429978A16B0E415005744B1 /* NSString+NPAdditions.m in Sources */,
				D429978B16B0E415005744B1 /* NSString+NPMimeType.m in Sources */,
				D429978C16B0E415005744B1 /* CLAPIEngine.m in Sources */,
				D429978D16B0E415005744B1 /* CLAPIEngineConstants.m in Sources */,
				D429978E16B0E415005744B1 /* CLAPITransaction.m in Sources */,
				D429978F16B0E415005744B1 /* CLAccount.m in Sources */,
				D429979016B0E415005744B1 /* CLSocket.m in Sources */,
				D429979116B0E415005744B1 /* CLWebItem.m in Sources */,
				D4299B2916B0E50E005744B1 /* nameprep.c in Sources */,
				D4299B2A16B0E50E005744B1 /* puny.c in Sources */,
				D4299B2B16B0E50E005744B1 /* race.c in Sources */,
				D4299B2C16B0E50E005744B1 /* toxxx.c in Sources */,
				D4299B2D16B0E50E005744B1 /* util.c in Sources */,
				D4299B2E16B0E50E005744B1 /* NSURL+IFUnicodeURL.m in Sources */,
				D4299B3316B0E50E005744B1 /* NSObject+JSON.m in Sources */,
				D4299B3416B0E50E005744B1 /* SBJsonParser.m in Sources */,
				D4299B3516B0E50E005744B1 /* SBJsonStreamParser.m in Sources */,
				D4299B3616B0E50E005744B1 /* SBJsonStreamParserAdapter.m in Sources */,
				D4299B3716B0E50E005744B1 /* SBJsonStreamParserState.m in Sources */,
				D4299B3816B0E50E005744B1 /* SBJsonStreamWriter.m in Sources */,
				D4299B3916B0E50E005744B1 /* SBJsonStreamWriterState.m in Sources */,
				D4299B3A16B0E50E005744B1 /* SBJsonTokeniser.m in Sources */,
				D4299B3B16B0E50E005744B1 /* SBJsonWriter.m in Sources */,
				D4F5E5681713421E00C2629C /* QSCloudDelegate.m in Sources */,
				D4F5E57517188FC200C2629C /* QSCloudPrefPane.m in Sources */,
			);
			runOnlyForDeploymentPostprocessing = 0;
		};
/* End PBXSourcesBuildPhase section */

/* Begin PBXVariantGroup section */
		D499EE0216332A2C00E29D4B /* InfoPlist.strings */ = {
			isa = PBXVariantGroup;
			children = (
				D499EE0316332A2C00E29D4B /* en */,
			);
			name = InfoPlist.strings;
			sourceTree = "<group>";
		};
/* End PBXVariantGroup section */

/* Begin XCBuildConfiguration section */
		D499EE1416332A2C00E29D4B /* Debug */ = {
			isa = XCBuildConfiguration;
			baseConfigurationReference = D499EE0716332A2C00E29D4B /* Debug.xcconfig */;
			buildSettings = {
			};
			name = Debug;
		};
		D499EE1516332A2C00E29D4B /* Release */ = {
			isa = XCBuildConfiguration;
			baseConfigurationReference = D499EE0B16332A2C00E29D4B /* Release.xcconfig */;
			buildSettings = {
			};
			name = Release;
		};
		D499EE1716332A2C00E29D4B /* Debug */ = {
			isa = XCBuildConfiguration;
			baseConfigurationReference = D499EE0916332A2C00E29D4B /* QSPlugIn.xcconfig */;
			buildSettings = {
				LIBRARY_SEARCH_PATHS = (
					"$(inherited)",
					"\"$(SRCROOT)/QSCloudApp/Cloud/Third Party/IFUnicodeURL/IDNSDK-1.1.0/lib/win32\"",
				);
				PRODUCT_NAME = "$(TARGET_NAME)";
			};
			name = Debug;
		};
		D499EE1816332A2C00E29D4B /* Release */ = {
			isa = XCBuildConfiguration;
			baseConfigurationReference = D499EE0916332A2C00E29D4B /* QSPlugIn.xcconfig */;
			buildSettings = {
				LIBRARY_SEARCH_PATHS = (
					"$(inherited)",
					"\"$(SRCROOT)/QSCloudApp/Cloud/Third Party/IFUnicodeURL/IDNSDK-1.1.0/lib/win32\"",
				);
				PRODUCT_NAME = "$(TARGET_NAME)";
			};
			name = Release;
		};
/* End XCBuildConfiguration section */

/* Begin XCConfigurationList section */
		D499EDF316332A2C00E29D4B /* Build configuration list for PBXProject "QSCloudApp" */ = {
			isa = XCConfigurationList;
			buildConfigurations = (
				D499EE1416332A2C00E29D4B /* Debug */,
				D499EE1516332A2C00E29D4B /* Release */,
			);
			defaultConfigurationIsVisible = 0;
			defaultConfigurationName = Release;
		};
		D499EE1616332A2C00E29D4B /* Build configuration list for PBXNativeTarget "QSCloudApp" */ = {
			isa = XCConfigurationList;
			buildConfigurations = (
				D499EE1716332A2C00E29D4B /* Debug */,
				D499EE1816332A2C00E29D4B /* Release */,
			);
			defaultConfigurationIsVisible = 0;
			defaultConfigurationName = Release;
		};
/* End XCConfigurationList section */
	};
	rootObject = D499EDF016332A2C00E29D4B /* Project object */;
}
